
Microsoft Visual Studio Solution File, Format Version 12.00
# Visual Studio Version 16
VisualStudioVersion = 16.0.31515.178
MinimumVisualStudioVersion = 10.0.40219.1
Project("{9A19103F-16F7-4668-BE54-9A1E7A4F7556}") = "TmufAntiSlowMotion", "TmufAntiSlowMotion\TmufAntiSlowMotion.csproj", "{284F11FC-7686-4F9D-87FC-4031A288336B}"
EndProject
Project("{9A19103F-16F7-4668-BE54-9A1E7A4F7556}") = "TmufAntiSlowMotionLib", "TmufAntiSlowMotionLib\TmufAntiSlowMotionLib.csproj", "{B807860C-53B5-4A87-904D-30DBAFE1E0C7}"
EndProject
Global
	GlobalSection(SolutionConfigurationPlatforms) = preSolution
		Debug|Any CPU = Debug|Any CPU
		Release|Any CPU = Release|Any CPU
	EndGlobalSection
	GlobalSection(ProjectConfigurationPlatforms) = postSolution
		{284F11FC-7686-4F9D-87FC-4031A288336B}.Debug|Any CPU.ActiveCfg = Debug|Any CPU
		{284F11FC-7686-4F9D-87FC-4031A288336B}.Debug|Any CPU.Build.0 = Debug|Any CPU
		{284F11FC-7686-4F9D-87FC-4031A288336B}.Release|Any CPU.ActiveCfg = Release|Any CPU
		{284F11FC-7686-4F9D-87FC-4031A288336B}.Release|Any CPU.Build.0 = Release|Any CPU
		{B807860C-53B5-4A87-904D-30DBAFE1E0C7}.Debug|Any CPU.ActiveCfg = Debug|Any CPU
		{B807860C-53B5-4A87-904D-30DBAFE1E0C7}.Debug|Any CPU.Build.0 = Debug|Any CPU
		{B807860C-53B5-4A87-904D-30DBAFE1E0C7}.Release|Any CPU.ActiveCfg = Release|Any CPU
		{B807860C-53B5-4A87-904D-30DBAFE1E0C7}.Release|Any CPU.Build.0 = Release|Any CPU
	EndGlobalSection
	GlobalSection(SolutionProperties) = preSolution
		HideSolutionNode = FALSE
	EndGlobalSection
	GlobalSection(ExtensibilityGlobals) = postSolution
		SolutionGuid = {4D7EE5CB-F326-4BE2-869D-0F20A30E54AA}
	EndGlobalSection
EndGlobal
